
Microsoft Visual Studio Solution File, Format Version 12.00
# Visual Studio 14
VisualStudioVersion = 14.0.25420.1
MinimumVisualStudioVersion = 10.0.40219.1
Project("{FAE04EC0-301F-11D3-BF4B-00C04F79EFBC}") = "ŞA Facade", "ŞA Facade\ŞA Facade.csproj", "{1FB4AA7E-6B01-4A7B-A5FA-5D6D19BF0067}"
EndProject
Project("{FAE04EC0-301F-11D3-BF4B-00C04F79EFBC}") = "_FacadeSample", "_FacadeSample\_FacadeSample.csproj", "{ECB1F192-756E-48A4-BD12-9CBA03D6B0D6}"
EndProject
Global
	GlobalSection(SolutionConfigurationPlatforms) = preSolution
		Debug|Any CPU = Debug|Any CPU
		Release|Any CPU = Release|Any CPU
	EndGlobalSection
	GlobalSection(ProjectConfigurationPlatforms) = postSolution
		{1FB4AA7E-6B01-4A7B-A5FA-5D6D19BF0067}.Debug|Any CPU.ActiveCfg = Debug|Any CPU
		{1FB4AA7E-6B01-4A7B-A5FA-5D6D19BF0067}.Debug|Any CPU.Build.0 = Debug|Any CPU
		{1FB4AA7E-6B01-4A7B-A5FA-5D6D19BF0067}.Release|Any CPU.ActiveCfg = Release|Any CPU
		{1FB4AA7E-6B01-4A7B-A5FA-5D6D19BF0067}.Release|Any CPU.Build.0 = Release|Any CPU
		{ECB1F192-756E-48A4-BD12-9CBA03D6B0D6}.Debug|Any CPU.ActiveCfg = Debug|Any CPU
		{ECB1F192-756E-48A4-BD12-9CBA03D6B0D6}.Debug|Any CPU.Build.0 = Debug|Any CPU
		{ECB1F192-756E-48A4-BD12-9CBA03D6B0D6}.Release|Any CPU.ActiveCfg = Release|Any CPU
		{ECB1F192-756E-48A4-BD12-9CBA03D6B0D6}.Release|Any CPU.Build.0 = Release|Any CPU
	EndGlobalSection
	GlobalSection(SolutionProperties) = preSolution
		HideSolutionNode = FALSE
	EndGlobalSection
EndGlobal
