
Microsoft Visual Studio Solution File, Format Version 12.00
# Visual Studio 14
VisualStudioVersion = 14.0.25420.1
MinimumVisualStudioVersion = 10.0.40219.1
Project("{FAE04EC0-301F-11D3-BF4B-00C04F79EFBC}") = "OOP(GY Ders5) NameSpace", "OOP(GY Ders5) NameSpace\OOP(GY Ders5) NameSpace.csproj", "{047C8CBA-765F-499B-A717-8A2344F9E278}"
EndProject
Global
	GlobalSection(SolutionConfigurationPlatforms) = preSolution
		Debug|Any CPU = Debug|Any CPU
		Release|Any CPU = Release|Any CPU
	EndGlobalSection
	GlobalSection(ProjectConfigurationPlatforms) = postSolution
		{047C8CBA-765F-499B-A717-8A2344F9E278}.Debug|Any CPU.ActiveCfg = Debug|Any CPU
		{047C8CBA-765F-499B-A717-8A2344F9E278}.Debug|Any CPU.Build.0 = Debug|Any CPU
		{047C8CBA-765F-499B-A717-8A2344F9E278}.Release|Any CPU.ActiveCfg = Release|Any CPU
		{047C8CBA-765F-499B-A717-8A2344F9E278}.Release|Any CPU.Build.0 = Release|Any CPU
	EndGlobalSection
	GlobalSection(SolutionProperties) = preSolution
		HideSolutionNode = FALSE
	EndGlobalSection
EndGlobal
